// !$*UTF8*$!
{
	archiveVersion = 1;
	classes = {
	};
	objectVersion = 46;
	objects = {

/* Begin PBXBuildFile section */
		321C6D77196F8005002FCAC6 /* MSHLeftTableVC.m in Sources */ = {isa = PBXBuildFile; fileRef = 321C6D76196F8005002FCAC6 /* MSHLeftTableVC.m */; };
		321C6D7B196FD800002FCAC6 /* blur_grey.jpeg in Resources */ = {isa = PBXBuildFile; fileRef = 321C6D79196FD800002FCAC6 /* blur_grey.jpeg */; };
		321C6D7C196FD800002FCAC6 /* blur_grey.jpeg in Resources */ = {isa = PBXBuildFile; fileRef = 321C6D79196FD800002FCAC6 /* blur_grey.jpeg */; };
		321C6D7D196FD800002FCAC6 /* blur_green.jpg in Resources */ = {isa = PBXBuildFile; fileRef = 321C6D7A196FD800002FCAC6 /* blur_green.jpg */; };
		321C6D7E196FD800002FCAC6 /* blur_green.jpg in Resources */ = {isa = PBXBuildFile; fileRef = 321C6D7A196FD800002FCAC6 /* blur_green.jpg */; };
		321C6D811975134F002FCAC6 /* MSHiPadRootVC.m in Sources */ = {isa = PBXBuildFile; fileRef = 321C6D801975134F002FCAC6 /* MSHiPadRootVC.m */; };
		321C6D821975134F002FCAC6 /* MSHiPadRootVC.m in Sources */ = {isa = PBXBuildFile; fileRef = 321C6D801975134F002FCAC6 /* MSHiPadRootVC.m */; };
		32AFD4B3195E6FCA00D46E30 /* MSHSettingsVC.m in Sources */ = {isa = PBXBuildFile; fileRef = 32AFD4B2195E6FCA00D46E30 /* MSHSettingsVC.m */; };
		32B4B591195D02D600F523E4 /* Foundation.framework in Frameworks */ = {isa = PBXBuildFile; fileRef = 32B4B590195D02D600F523E4 /* Foundation.framework */; };
		32B4B593195D02D600F523E4 /* CoreGraphics.framework in Frameworks */ = {isa = PBXBuildFile; fileRef = 32B4B592195D02D600F523E4 /* CoreGraphics.framework */; };
		32B4B595195D02D600F523E4 /* UIKit.framework in Frameworks */ = {isa = PBXBuildFile; fileRef = 32B4B594195D02D600F523E4 /* UIKit.framework */; };
		32B4B59B195D02D600F523E4 /* InfoPlist.strings in Resources */ = {isa = PBXBuildFile; fileRef = 32B4B599195D02D600F523E4 /* InfoPlist.strings */; };
		32B4B59D195D02D600F523E4 /* main.m in Sources */ = {isa = PBXBuildFile; fileRef = 32B4B59C195D02D600F523E4 /* main.m */; };
		32B4B5A1195D02D600F523E4 /* MSHAppDelegate.m in Sources */ = {isa = PBXBuildFile; fileRef = 32B4B5A0195D02D600F523E4 /* MSHAppDelegate.m */; };
		32B4B5A4195D02D600F523E4 /* Main_iPhone.storyboard in Resources */ = {isa = PBXBuildFile; fileRef = 32B4B5A2195D02D600F523E4 /* Main_iPhone.storyboard */; };
		32B4B5A7195D02D600F523E4 /* Main_iPad.storyboard in Resources */ = {isa = PBXBuildFile; fileRef = 32B4B5A5195D02D600F523E4 /* Main_iPad.storyboard */; };
		32B4B5AA195D02D600F523E4 /* MSHViewController.m in Sources */ = {isa = PBXBuildFile; fileRef = 32B4B5A9195D02D600F523E4 /* MSHViewController.m */; };
		32B4B5AC195D02D600F523E4 /* Images.xcassets in Resources */ = {isa = PBXBuildFile; fileRef = 32B4B5AB195D02D600F523E4 /* Images.xcassets */; };
		32B4B5B3195D02D600F523E4 /* XCTest.framework in Frameworks */ = {isa = PBXBuildFile; fileRef = 32B4B5B2195D02D600F523E4 /* XCTest.framework */; };
		32B4B5B4195D02D600F523E4 /* Foundation.framework in Frameworks */ = {isa = PBXBuildFile; fileRef = 32B4B590195D02D600F523E4 /* Foundation.framework */; };
		32B4B5B5195D02D600F523E4 /* UIKit.framework in Frameworks */ = {isa = PBXBuildFile; fileRef = 32B4B594195D02D600F523E4 /* UIKit.framework */; };
		32B4B5BD195D02D600F523E4 /* InfoPlist.strings in Resources */ = {isa = PBXBuildFile; fileRef = 32B4B5BB195D02D600F523E4 /* InfoPlist.strings */; };
		32B4B5BF195D02D600F523E4 /* SimpleNWTests.m in Sources */ = {isa = PBXBuildFile; fileRef = 32B4B5BE195D02D600F523E4 /* SimpleNWTests.m */; };
		32B4B5EE195D02F600F523E4 /* AFHTTPRequestOperation.m in Sources */ = {isa = PBXBuildFile; fileRef = 32B4B5CA195D02F600F523E4 /* AFHTTPRequestOperation.m */; };
		32B4B5EF195D02F600F523E4 /* AFHTTPRequestOperationManager.m in Sources */ = {isa = PBXBuildFile; fileRef = 32B4B5CC195D02F600F523E4 /* AFHTTPRequestOperationManager.m */; };
		32B4B5F0195D02F600F523E4 /* AFHTTPSessionManager.m in Sources */ = {isa = PBXBuildFile; fileRef = 32B4B5CE195D02F600F523E4 /* AFHTTPSessionManager.m */; };
		32B4B5F1195D02F600F523E4 /* AFNetworkReachabilityManager.m in Sources */ = {isa = PBXBuildFile; fileRef = 32B4B5D1195D02F600F523E4 /* AFNetworkReachabilityManager.m */; };
		32B4B5F2195D02F600F523E4 /* AFSecurityPolicy.m in Sources */ = {isa = PBXBuildFile; fileRef = 32B4B5D3195D02F600F523E4 /* AFSecurityPolicy.m */; };
		32B4B5F3195D02F600F523E4 /* AFURLConnectionOperation.m in Sources */ = {isa = PBXBuildFile; fileRef = 32B4B5D5195D02F600F523E4 /* AFURLConnectionOperation.m */; };
		32B4B5F4195D02F600F523E4 /* AFURLRequestSerialization.m in Sources */ = {isa = PBXBuildFile; fileRef = 32B4B5D7195D02F600F523E4 /* AFURLRequestSerialization.m */; };
		32B4B5F5195D02F600F523E4 /* AFURLResponseSerialization.m in Sources */ = {isa = PBXBuildFile; fileRef = 32B4B5D9195D02F600F523E4 /* AFURLResponseSerialization.m */; };
		32B4B5F6195D02F600F523E4 /* AFURLSessionManager.m in Sources */ = {isa = PBXBuildFile; fileRef = 32B4B5DB195D02F600F523E4 /* AFURLSessionManager.m */; };
		32B4B5F7195D02F600F523E4 /* AFNetworkActivityIndicatorManager.m in Sources */ = {isa = PBXBuildFile; fileRef = 32B4B5DE195D02F600F523E4 /* AFNetworkActivityIndicatorManager.m */; };
		32B4B5F8195D02F600F523E4 /* UIActivityIndicatorView+AFNetworking.m in Sources */ = {isa = PBXBuildFile; fileRef = 32B4B5E0195D02F600F523E4 /* UIActivityIndicatorView+AFNetworking.m */; };
		32B4B5F9195D02F600F523E4 /* UIAlertView+AFNetworking.m in Sources */ = {isa = PBXBuildFile; fileRef = 32B4B5E2195D02F600F523E4 /* UIAlertView+AFNetworking.m */; };
		32B4B5FA195D02F600F523E4 /* UIButton+AFNetworking.m in Sources */ = {isa = PBXBuildFile; fileRef = 32B4B5E4195D02F600F523E4 /* UIButton+AFNetworking.m */; };
		32B4B5FB195D02F600F523E4 /* UIImageView+AFNetworking.m in Sources */ = {isa = PBXBuildFile; fileRef = 32B4B5E6195D02F600F523E4 /* UIImageView+AFNetworking.m */; };
		32B4B5FC195D02F600F523E4 /* UIProgressView+AFNetworking.m in Sources */ = {isa = PBXBuildFile; fileRef = 32B4B5E9195D02F600F523E4 /* UIProgressView+AFNetworking.m */; };
		32B4B5FD195D02F600F523E4 /* UIRefreshControl+AFNetworking.m in Sources */ = {isa = PBXBuildFile; fileRef = 32B4B5EB195D02F600F523E4 /* UIRefreshControl+AFNetworking.m */; };
		32B4B5FE195D02F600F523E4 /* UIWebView+AFNetworking.m in Sources */ = {isa = PBXBuildFile; fileRef = 32B4B5ED195D02F600F523E4 /* UIWebView+AFNetworking.m */; };
		32BCBCE1196205060006470C /* MSHPostResponseVC.m in Sources */ = {isa = PBXBuildFile; fileRef = 32BCBCE0196205060006470C /* MSHPostResponseVC.m */; };
		32BCBCE419621BF80006470C /* MSHCustomButton.m in Sources */ = {isa = PBXBuildFile; fileRef = 32BCBCE319621BF80006470C /* MSHCustomButton.m */; };
		32DD037C1978FB7800E0FF74 /* MSHRecentURLTVC.m in Sources */ = {isa = PBXBuildFile; fileRef = 32DD037B1978FB7800E0FF74 /* MSHRecentURLTVC.m */; };
		32E3B510195F1A3D009B6E9B /* Settings.bundle in Resources */ = {isa = PBXBuildFile; fileRef = 32E3B50F195F1A3C009B6E9B /* Settings.bundle */; };
		32E3B513195F31AB009B6E9B /* MSHPostVC.m in Sources */ = {isa = PBXBuildFile; fileRef = 32E3B512195F31AB009B6E9B /* MSHPostVC.m */; };
		32E3B51D195F46C1009B6E9B /* MSHKeyboardListener.m in Sources */ = {isa = PBXBuildFile; fileRef = 32E3B51C195F46C1009B6E9B /* MSHKeyboardListener.m */; };
/* End PBXBuildFile section */

/* Begin PBXContainerItemProxy section */
		32B4B5B6195D02D600F523E4 /* PBXContainerItemProxy */ = {
			isa = PBXContainerItemProxy;
			containerPortal = 32B4B585195D02D600F523E4 /* Project object */;
			proxyType = 1;
			remoteGlobalIDString = 32B4B58C195D02D600F523E4;
			remoteInfo = SimpleNW;
		};
/* End PBXContainerItemProxy section */

/* Begin PBXFileReference section */
		321C6D75196F8005002FCAC6 /* MSHLeftTableVC.h */ = {isa = PBXFileReference; fileEncoding = 4; lastKnownFileType = sourcecode.c.h; name = MSHLeftTableVC.h; path = iPad/MSHLeftTableVC.h; sourceTree = "<group>"; };
		321C6D76196F8005002FCAC6 /* MSHLeftTableVC.m */ = {isa = PBXFileReference; fileEncoding = 4; lastKnownFileType = sourcecode.c.objc; name = MSHLeftTableVC.m; path = iPad/MSHLeftTableVC.m; sourceTree = "<group>"; };
		321C6D79196FD800002FCAC6 /* blur_grey.jpeg */ = {isa = PBXFileReference; lastKnownFileType = image.jpeg; path = blur_grey.jpeg; sourceTree = "<group>"; };
		321C6D7A196FD800002FCAC6 /* blur_green.jpg */ = {isa = PBXFileReference; lastKnownFileType = image.jpeg; path = blur_green.jpg; sourceTree = "<group>"; };
		321C6D7F1975134F002FCAC6 /* MSHiPadRootVC.h */ = {isa = PBXFileReference; fileEncoding = 4; lastKnownFileType = sourcecode.c.h; path = MSHiPadRootVC.h; sourceTree = "<group>"; };
		321C6D801975134F002FCAC6 /* MSHiPadRootVC.m */ = {isa = PBXFileReference; fileEncoding = 4; lastKnownFileType = sourcecode.c.objc; path = MSHiPadRootVC.m; sourceTree = "<group>"; };
		32AFD4B1195E6FCA00D46E30 /* MSHSettingsVC.h */ = {isa = PBXFileReference; fileEncoding = 4; lastKnownFileType = sourcecode.c.h; name = MSHSettingsVC.h; path = "UIKit+AFNetworking/MSHSettingsVC.h"; sourceTree = "<group>"; };
		32AFD4B2195E6FCA00D46E30 /* MSHSettingsVC.m */ = {isa = PBXFileReference; fileEncoding = 4; lastKnownFileType = sourcecode.c.objc; name = MSHSettingsVC.m; path = "UIKit+AFNetworking/MSHSettingsVC.m"; sourceTree = "<group>"; };
		32B4B58D195D02D600F523E4 /* SimpleNW.app */ = {isa = PBXFileReference; explicitFileType = wrapper.application; includeInIndex = 0; path = SimpleNW.app; sourceTree = BUILT_PRODUCTS_DIR; };
		32B4B590195D02D600F523E4 /* Foundation.framework */ = {isa = PBXFileReference; lastKnownFileType = wrapper.framework; name = Foundation.framework; path = System/Library/Frameworks/Foundation.framework; sourceTree = SDKROOT; };
		32B4B592195D02D600F523E4 /* CoreGraphics.framework */ = {isa = PBXFileReference; lastKnownFileType = wrapper.framework; name = CoreGraphics.framework; path = System/Library/Frameworks/CoreGraphics.framework; sourceTree = SDKROOT; };
		32B4B594195D02D600F523E4 /* UIKit.framework */ = {isa = PBXFileReference; lastKnownFileType = wrapper.framework; name = UIKit.framework; path = System/Library/Frameworks/UIKit.framework; sourceTree = SDKROOT; };
		32B4B598195D02D600F523E4 /* SimpleNW-Info.plist */ = {isa = PBXFileReference; lastKnownFileType = text.plist.xml; path = "SimpleNW-Info.plist"; sourceTree = "<group>"; };
		32B4B59A195D02D600F523E4 /* en */ = {isa = PBXFileReference; lastKnownFileType = text.plist.strings; name = en; path = en.lproj/InfoPlist.strings; sourceTree = "<group>"; };
		32B4B59C195D02D600F523E4 /* main.m */ = {isa = PBXFileReference; lastKnownFileType = sourcecode.c.objc; path = main.m; sourceTree = "<group>"; };
		32B4B59E195D02D600F523E4 /* SimpleNW-Prefix.pch */ = {isa = PBXFileReference; lastKnownFileType = sourcecode.c.h; path = "SimpleNW-Prefix.pch"; sourceTree = "<group>"; };
		32B4B59F195D02D600F523E4 /* MSHAppDelegate.h */ = {isa = PBXFileReference; lastKnownFileType = sourcecode.c.h; path = MSHAppDelegate.h; sourceTree = "<group>"; };
		32B4B5A0195D02D600F523E4 /* MSHAppDelegate.m */ = {isa = PBXFileReference; lastKnownFileType = sourcecode.c.objc; path = MSHAppDelegate.m; sourceTree = "<group>"; };
		32B4B5A3195D02D600F523E4 /* Base */ = {isa = PBXFileReference; lastKnownFileType = file.storyboard; name = Base; path = Base.lproj/Main_iPhone.storyboard; sourceTree = "<group>"; };
		32B4B5A6195D02D600F523E4 /* Base */ = {isa = PBXFileReference; lastKnownFileType = file.storyboard; name = Base; path = Base.lproj/Main_iPad.storyboard; sourceTree = "<group>"; };
		32B4B5A8195D02D600F523E4 /* MSHViewController.h */ = {isa = PBXFileReference; lastKnownFileType = sourcecode.c.h; path = MSHViewController.h; sourceTree = "<group>"; };
		32B4B5A9195D02D600F523E4 /* MSHViewController.m */ = {isa = PBXFileReference; lastKnownFileType = sourcecode.c.objc; path = MSHViewController.m; sourceTree = "<group>"; };
		32B4B5AB195D02D600F523E4 /* Images.xcassets */ = {isa = PBXFileReference; lastKnownFileType = folder.assetcatalog; path = Images.xcassets; sourceTree = "<group>"; };
		32B4B5B1195D02D600F523E4 /* SimpleNWTests.xctest */ = {isa = PBXFileReference; explicitFileType = wrapper.cfbundle; includeInIndex = 0; path = SimpleNWTests.xctest; sourceTree = BUILT_PRODUCTS_DIR; };
		32B4B5B2195D02D600F523E4 /* XCTest.framework */ = {isa = PBXFileReference; lastKnownFileType = wrapper.framework; name = XCTest.framework; path = Library/Frameworks/XCTest.framework; sourceTree = DEVELOPER_DIR; };
		32B4B5BA195D02D600F523E4 /* SimpleNWTests-Info.plist */ = {isa = PBXFileReference; lastKnownFileType = text.plist.xml; path = "SimpleNWTests-Info.plist"; sourceTree = "<group>"; };
		32B4B5BC195D02D600F523E4 /* en */ = {isa = PBXFileReference; lastKnownFileType = text.plist.strings; name = en; path = en.lproj/InfoPlist.strings; sourceTree = "<group>"; };
		32B4B5BE195D02D600F523E4 /* SimpleNWTests.m */ = {isa = PBXFileReference; lastKnownFileType = sourcecode.c.objc; path = SimpleNWTests.m; sourceTree = "<group>"; };
		32B4B5C9195D02F600F523E4 /* AFHTTPRequestOperation.h */ = {isa = PBXFileReference; fileEncoding = 4; lastKnownFileType = sourcecode.c.h; path = AFHTTPRequestOperation.h; sourceTree = "<group>"; };
		32B4B5CA195D02F600F523E4 /* AFHTTPRequestOperation.m */ = {isa = PBXFileReference; fileEncoding = 4; lastKnownFileType = sourcecode.c.objc; path = AFHTTPRequestOperation.m; sourceTree = "<group>"; };
		32B4B5CB195D02F600F523E4 /* AFHTTPRequestOperationManager.h */ = {isa = PBXFileReference; fileEncoding = 4; lastKnownFileType = sourcecode.c.h; path = AFHTTPRequestOperationManager.h; sourceTree = "<group>"; };
		32B4B5CC195D02F600F523E4 /* AFHTTPRequestOperationManager.m */ = {isa = PBXFileReference; fileEncoding = 4; lastKnownFileType = sourcecode.c.objc; path = AFHTTPRequestOperationManager.m; sourceTree = "<group>"; };
		32B4B5CD195D02F600F523E4 /* AFHTTPSessionManager.h */ = {isa = PBXFileReference; fileEncoding = 4; lastKnownFileType = sourcecode.c.h; path = AFHTTPSessionManager.h; sourceTree = "<group>"; };
		32B4B5CE195D02F600F523E4 /* AFHTTPSessionManager.m */ = {isa = PBXFileReference; fileEncoding = 4; lastKnownFileType = sourcecode.c.objc; path = AFHTTPSessionManager.m; sourceTree = "<group>"; };
		32B4B5CF195D02F600F523E4 /* AFNetworking.h */ = {isa = PBXFileReference; fileEncoding = 4; lastKnownFileType = sourcecode.c.h; path = AFNetworking.h; sourceTree = "<group>"; };
		32B4B5D0195D02F600F523E4 /* AFNetworkReachabilityManager.h */ = {isa = PBXFileReference; fileEncoding = 4; lastKnownFileType = sourcecode.c.h; path = AFNetworkReachabilityManager.h; sourceTree = "<group>"; };
		32B4B5D1195D02F600F523E4 /* AFNetworkReachabilityManager.m */ = {isa = PBXFileReference; fileEncoding = 4; lastKnownFileType = sourcecode.c.objc; path = AFNetworkReachabilityManager.m; sourceTree = "<group>"; };
		32B4B5D2195D02F600F523E4 /* AFSecurityPolicy.h */ = {isa = PBXFileReference; fileEncoding = 4; lastKnownFileType = sourcecode.c.h; path = AFSecurityPolicy.h; sourceTree = "<group>"; };
		32B4B5D3195D02F600F523E4 /* AFSecurityPolicy.m */ = {isa = PBXFileReference; fileEncoding = 4; lastKnownFileType = sourcecode.c.objc; path = AFSecurityPolicy.m; sourceTree = "<group>"; };
		32B4B5D4195D02F600F523E4 /* AFURLConnectionOperation.h */ = {isa = PBXFileReference; fileEncoding = 4; lastKnownFileType = sourcecode.c.h; path = AFURLConnectionOperation.h; sourceTree = "<group>"; };
		32B4B5D5195D02F600F523E4 /* AFURLConnectionOperation.m */ = {isa = PBXFileReference; fileEncoding = 4; lastKnownFileType = sourcecode.c.objc; path = AFURLConnectionOperation.m; sourceTree = "<group>"; };
		32B4B5D6195D02F600F523E4 /* AFURLRequestSerialization.h */ = {isa = PBXFileReference; fileEncoding = 4; lastKnownFileType = sourcecode.c.h; path = AFURLRequestSerialization.h; sourceTree = "<group>"; };
		32B4B5D7195D02F600F523E4 /* AFURLRequestSerialization.m */ = {isa = PBXFileReference; fileEncoding = 4; lastKnownFileType = sourcecode.c.objc; path = AFURLRequestSerialization.m; sourceTree = "<group>"; };
		32B4B5D8195D02F600F523E4 /* AFURLResponseSerialization.h */ = {isa = PBXFileReference; fileEncoding = 4; lastKnownFileType = sourcecode.c.h; path = AFURLResponseSerialization.h; sourceTree = "<group>"; };
		32B4B5D9195D02F600F523E4 /* AFURLResponseSerialization.m */ = {isa = PBXFileReference; fileEncoding = 4; lastKnownFileType = sourcecode.c.objc; path = AFURLResponseSerialization.m; sourceTree = "<group>"; };
		32B4B5DA195D02F600F523E4 /* AFURLSessionManager.h */ = {isa = PBXFileReference; fileEncoding = 4; lastKnownFileType = sourcecode.c.h; path = AFURLSessionManager.h; sourceTree = "<group>"; };
		32B4B5DB195D02F600F523E4 /* AFURLSessionManager.m */ = {isa = PBXFileReference; fileEncoding = 4; lastKnownFileType = sourcecode.c.objc; path = AFURLSessionManager.m; sourceTree = "<group>"; };
		32B4B5DD195D02F600F523E4 /* AFNetworkActivityIndicatorManager.h */ = {isa = PBXFileReference; fileEncoding = 4; lastKnownFileType = sourcecode.c.h; path = AFNetworkActivityIndicatorManager.h; sourceTree = "<group>"; };
		32B4B5DE195D02F600F523E4 /* AFNetworkActivityIndicatorManager.m */ = {isa = PBXFileReference; fileEncoding = 4; lastKnownFileType = sourcecode.c.objc; path = AFNetworkActivityIndicatorManager.m; sourceTree = "<group>"; };
		32B4B5DF195D02F600F523E4 /* UIActivityIndicatorView+AFNetworking.h */ = {isa = PBXFileReference; fileEncoding = 4; lastKnownFileType = sourcecode.c.h; path = "UIActivityIndicatorView+AFNetworking.h"; sourceTree = "<group>"; };
		32B4B5E0195D02F600F523E4 /* UIActivityIndicatorView+AFNetworking.m */ = {isa = PBXFileReference; fileEncoding = 4; lastKnownFileType = sourcecode.c.objc; path = "UIActivityIndicatorView+AFNetworking.m"; sourceTree = "<group>"; };
		32B4B5E1195D02F600F523E4 /* UIAlertView+AFNetworking.h */ = {isa = PBXFileReference; fileEncoding = 4; lastKnownFileType = sourcecode.c.h; path = "UIAlertView+AFNetworking.h"; sourceTree = "<group>"; };
		32B4B5E2195D02F600F523E4 /* UIAlertView+AFNetworking.m */ = {isa = PBXFileReference; fileEncoding = 4; lastKnownFileType = sourcecode.c.objc; path = "UIAlertView+AFNetworking.m"; sourceTree = "<group>"; };
		32B4B5E3195D02F600F523E4 /* UIButton+AFNetworking.h */ = {isa = PBXFileReference; fileEncoding = 4; lastKnownFileType = sourcecode.c.h; path = "UIButton+AFNetworking.h"; sourceTree = "<group>"; };
		32B4B5E4195D02F600F523E4 /* UIButton+AFNetworking.m */ = {isa = PBXFileReference; fileEncoding = 4; lastKnownFileType = sourcecode.c.objc; path = "UIButton+AFNetworking.m"; sourceTree = "<group>"; };
		32B4B5E5195D02F600F523E4 /* UIImageView+AFNetworking.h */ = {isa = PBXFileReference; fileEncoding = 4; lastKnownFileType = sourcecode.c.h; path = "UIImageView+AFNetworking.h"; sourceTree = "<group>"; };
		32B4B5E6195D02F600F523E4 /* UIImageView+AFNetworking.m */ = {isa = PBXFileReference; fileEncoding = 4; lastKnownFileType = sourcecode.c.objc; path = "UIImageView+AFNetworking.m"; sourceTree = "<group>"; };
		32B4B5E7195D02F600F523E4 /* UIKit+AFNetworking.h */ = {isa = PBXFileReference; fileEncoding = 4; lastKnownFileType = sourcecode.c.h; path = "UIKit+AFNetworking.h"; sourceTree = "<group>"; };
		32B4B5E8195D02F600F523E4 /* UIProgressView+AFNetworking.h */ = {isa = PBXFileReference; fileEncoding = 4; lastKnownFileType = sourcecode.c.h; path = "UIProgressView+AFNetworking.h"; sourceTree = "<group>"; };
		32B4B5E9195D02F600F523E4 /* UIProgressView+AFNetworking.m */ = {isa = PBXFileReference; fileEncoding = 4; lastKnownFileType = sourcecode.c.objc; path = "UIProgressView+AFNetworking.m"; sourceTree = "<group>"; };
		32B4B5EA195D02F600F523E4 /* UIRefreshControl+AFNetworking.h */ = {isa = PBXFileReference; fileEncoding = 4; lastKnownFileType = sourcecode.c.h; path = "UIRefreshControl+AFNetworking.h"; sourceTree = "<group>"; };
		32B4B5EB195D02F600F523E4 /* UIRefreshControl+AFNetworking.m */ = {isa = PBXFileReference; fileEncoding = 4; lastKnownFileType = sourcecode.c.objc; path = "UIRefreshControl+AFNetworking.m"; sourceTree = "<group>"; };
		32B4B5EC195D02F600F523E4 /* UIWebView+AFNetworking.h */ = {isa = PBXFileReference; fileEncoding = 4; lastKnownFileType = sourcecode.c.h; path = "UIWebView+AFNetworking.h"; sourceTree = "<group>"; };
		32B4B5ED195D02F600F523E4 /* UIWebView+AFNetworking.m */ = {isa = PBXFileReference; fileEncoding = 4; lastKnownFileType = sourcecode.c.objc; path = "UIWebView+AFNetworking.m"; sourceTree = "<group>"; };
		32BCBCDF196205060006470C /* MSHPostResponseVC.h */ = {isa = PBXFileReference; fileEncoding = 4; lastKnownFileType = sourcecode.c.h; path = MSHPostResponseVC.h; sourceTree = "<group>"; };
		32BCBCE0196205060006470C /* MSHPostResponseVC.m */ = {isa = PBXFileReference; fileEncoding = 4; lastKnownFileType = sourcecode.c.objc; path = MSHPostResponseVC.m; sourceTree = "<group>"; };
		32BCBCE219621BF80006470C /* MSHCustomButton.h */ = {isa = PBXFileReference; fileEncoding = 4; lastKnownFileType = sourcecode.c.h; name = MSHCustomButton.h; path = CustomUI/MSHCustomButton.h; sourceTree = "<group>"; };
		32BCBCE319621BF80006470C /* MSHCustomButton.m */ = {isa = PBXFileReference; fileEncoding = 4; lastKnownFileType = sourcecode.c.objc; name = MSHCustomButton.m; path = CustomUI/MSHCustomButton.m; sourceTree = "<group>"; };
		32DD037A1978FB7800E0FF74 /* MSHRecentURLTVC.h */ = {isa = PBXFileReference; fileEncoding = 4; lastKnownFileType = sourcecode.c.h; path = MSHRecentURLTVC.h; sourceTree = "<group>"; };
		32DD037B1978FB7800E0FF74 /* MSHRecentURLTVC.m */ = {isa = PBXFileReference; fileEncoding = 4; lastKnownFileType = sourcecode.c.objc; path = MSHRecentURLTVC.m; sourceTree = "<group>"; };
		32E3B50E195E744F009B6E9B /* Properties.h */ = {isa = PBXFileReference; fileEncoding = 4; lastKnownFileType = sourcecode.c.h; path = Properties.h; sourceTree = "<group>"; };
		32E3B50F195F1A3C009B6E9B /* Settings.bundle */ = {isa = PBXFileReference; lastKnownFileType = "wrapper.plug-in"; path = Settings.bundle; sourceTree = "<group>"; };
		32E3B511195F31AB009B6E9B /* MSHPostVC.h */ = {isa = PBXFileReference; fileEncoding = 4; lastKnownFileType = sourcecode.c.h; path = MSHPostVC.h; sourceTree = "<group>"; };
		32E3B512195F31AB009B6E9B /* MSHPostVC.m */ = {isa = PBXFileReference; fileEncoding = 4; lastKnownFileType = sourcecode.c.objc; path = MSHPostVC.m; sourceTree = "<group>"; };
		32E3B51B195F46C0009B6E9B /* MSHKeyboardListener.h */ = {isa = PBXFileReference; fileEncoding = 4; lastKnownFileType = sourcecode.c.h; path = MSHKeyboardListener.h; sourceTree = "<group>"; };
		32E3B51C195F46C1009B6E9B /* MSHKeyboardListener.m */ = {isa = PBXFileReference; fileEncoding = 4; lastKnownFileType = sourcecode.c.objc; path = MSHKeyboardListener.m; sourceTree = "<group>"; };
/* End PBXFileReference section */

/* Begin PBXFrameworksBuildPhase section */
		32B4B58A195D02D600F523E4 /* Frameworks */ = {
			isa = PBXFrameworksBuildPhase;
			buildActionMask = 2147483647;
			files = (
				32B4B593195D02D600F523E4 /* CoreGraphics.framework in Frameworks */,
				32B4B595195D02D600F523E4 /* UIKit.framework in Frameworks */,
				32B4B591195D02D600F523E4 /* Foundation.framework in Frameworks */,
			);
			runOnlyForDeploymentPostprocessing = 0;
		};
		32B4B5AE195D02D600F523E4 /* Frameworks */ = {
			isa = PBXFrameworksBuildPhase;
			buildActionMask = 2147483647;
			files = (
				32B4B5B3195D02D600F523E4 /* XCTest.framework in Frameworks */,
				32B4B5B5195D02D600F523E4 /* UIKit.framework in Frameworks */,
				32B4B5B4195D02D600F523E4 /* Foundation.framework in Frameworks */,
			);
			runOnlyForDeploymentPostprocessing = 0;
		};
/* End PBXFrameworksBuildPhase section */

/* Begin PBXGroup section */
		321C6D74196F7F9F002FCAC6 /* iPad */ = {
			isa = PBXGroup;
			children = (
				32B4B5A5195D02D600F523E4 /* Main_iPad.storyboard */,
				321C6D75196F8005002FCAC6 /* MSHLeftTableVC.h */,
				321C6D76196F8005002FCAC6 /* MSHLeftTableVC.m */,
				321C6D7F1975134F002FCAC6 /* MSHiPadRootVC.h */,
				321C6D801975134F002FCAC6 /* MSHiPadRootVC.m */,
				32DD037A1978FB7800E0FF74 /* MSHRecentURLTVC.h */,
				32DD037B1978FB7800E0FF74 /* MSHRecentURLTVC.m */,
			);
			name = iPad;
			sourceTree = "<group>";
		};
		321C6D78196FC409002FCAC6 /* Assets */ = {
			isa = PBXGroup;
			children = (
				321C6D79196FD800002FCAC6 /* blur_grey.jpeg */,
				321C6D7A196FD800002FCAC6 /* blur_green.jpg */,
			);
			name = Assets;
			sourceTree = "<group>";
		};
		32B4B584195D02D600F523E4 = {
			isa = PBXGroup;
			children = (
				32B4B596195D02D600F523E4 /* SimpleNW */,
				32B4B5B8195D02D600F523E4 /* SimpleNWTests */,
				32B4B58F195D02D600F523E4 /* Frameworks */,
				32B4B58E195D02D600F523E4 /* Products */,
			);
			sourceTree = "<group>";
		};
		32B4B58E195D02D600F523E4 /* Products */ = {
			isa = PBXGroup;
			children = (
				32B4B58D195D02D600F523E4 /* SimpleNW.app */,
				32B4B5B1195D02D600F523E4 /* SimpleNWTests.xctest */,
			);
			name = Products;
			sourceTree = "<group>";
		};
		32B4B58F195D02D600F523E4 /* Frameworks */ = {
			isa = PBXGroup;
			children = (
				32B4B590195D02D600F523E4 /* Foundation.framework */,
				32B4B592195D02D600F523E4 /* CoreGraphics.framework */,
				32B4B594195D02D600F523E4 /* UIKit.framework */,
				32B4B5B2195D02D600F523E4 /* XCTest.framework */,
			);
			name = Frameworks;
			sourceTree = "<group>";
		};
		32B4B596195D02D600F523E4 /* SimpleNW */ = {
			isa = PBXGroup;
			children = (
				321C6D78196FC409002FCAC6 /* Assets */,
				321C6D74196F7F9F002FCAC6 /* iPad */,
				32BCBCE519635C640006470C /* Post */,
				32E3B514195F3311009B6E9B /* CustomUI */,
				32B4B5C8195D02F600F523E4 /* AFNetworking */,
				32B4B5DC195D02F600F523E4 /* UIKit+AFNetworking */,
				32B4B59F195D02D600F523E4 /* MSHAppDelegate.h */,
				32B4B5A0195D02D600F523E4 /* MSHAppDelegate.m */,
				32B4B5A2195D02D600F523E4 /* Main_iPhone.storyboard */,
				32AFD4B1195E6FCA00D46E30 /* MSHSettingsVC.h */,
				32AFD4B2195E6FCA00D46E30 /* MSHSettingsVC.m */,
				32B4B5A8195D02D600F523E4 /* MSHViewController.h */,
				32B4B5A9195D02D600F523E4 /* MSHViewController.m */,
				32B4B5AB195D02D600F523E4 /* Images.xcassets */,
				32B4B597195D02D600F523E4 /* Supporting Files */,
				32E3B50E195E744F009B6E9B /* Properties.h */,
				32E3B50F195F1A3C009B6E9B /* Settings.bundle */,
				32E3B51B195F46C0009B6E9B /* MSHKeyboardListener.h */,
				32E3B51C195F46C1009B6E9B /* MSHKeyboardListener.m */,
			);
			path = SimpleNW;
			sourceTree = "<group>";
		};
		32B4B597195D02D600F523E4 /* Supporting Files */ = {
			isa = PBXGroup;
			children = (
				32B4B598195D02D600F523E4 /* SimpleNW-Info.plist */,
				32B4B599195D02D600F523E4 /* InfoPlist.strings */,
				32B4B59C195D02D600F523E4 /* main.m */,
				32B4B59E195D02D600F523E4 /* SimpleNW-Prefix.pch */,
			);
			name = "Supporting Files";
			sourceTree = "<group>";
		};
		32B4B5B8195D02D600F523E4 /* SimpleNWTests */ = {
			isa = PBXGroup;
			children = (
				32B4B5BE195D02D600F523E4 /* SimpleNWTests.m */,
				32B4B5B9195D02D600F523E4 /* Supporting Files */,
			);
			path = SimpleNWTests;
			sourceTree = "<group>";
		};
		32B4B5B9195D02D600F523E4 /* Supporting Files */ = {
			isa = PBXGroup;
			children = (
				32B4B5BA195D02D600F523E4 /* SimpleNWTests-Info.plist */,
				32B4B5BB195D02D600F523E4 /* InfoPlist.strings */,
			);
			name = "Supporting Files";
			sourceTree = "<group>";
		};
		32B4B5C8195D02F600F523E4 /* AFNetworking */ = {
			isa = PBXGroup;
			children = (
				32B4B5C9195D02F600F523E4 /* AFHTTPRequestOperation.h */,
				32B4B5CA195D02F600F523E4 /* AFHTTPRequestOperation.m */,
				32B4B5CB195D02F600F523E4 /* AFHTTPRequestOperationManager.h */,
				32B4B5CC195D02F600F523E4 /* AFHTTPRequestOperationManager.m */,
				32B4B5CD195D02F600F523E4 /* AFHTTPSessionManager.h */,
				32B4B5CE195D02F600F523E4 /* AFHTTPSessionManager.m */,
				32B4B5CF195D02F600F523E4 /* AFNetworking.h */,
				32B4B5D0195D02F600F523E4 /* AFNetworkReachabilityManager.h */,
				32B4B5D1195D02F600F523E4 /* AFNetworkReachabilityManager.m */,
				32B4B5D2195D02F600F523E4 /* AFSecurityPolicy.h */,
				32B4B5D3195D02F600F523E4 /* AFSecurityPolicy.m */,
				32B4B5D4195D02F600F523E4 /* AFURLConnectionOperation.h */,
				32B4B5D5195D02F600F523E4 /* AFURLConnectionOperation.m */,
				32B4B5D6195D02F600F523E4 /* AFURLRequestSerialization.h */,
				32B4B5D7195D02F600F523E4 /* AFURLRequestSerialization.m */,
				32B4B5D8195D02F600F523E4 /* AFURLResponseSerialization.h */,
				32B4B5D9195D02F600F523E4 /* AFURLResponseSerialization.m */,
				32B4B5DA195D02F600F523E4 /* AFURLSessionManager.h */,
				32B4B5DB195D02F600F523E4 /* AFURLSessionManager.m */,
			);
			path = AFNetworking;
			sourceTree = "<group>";
		};
		32B4B5DC195D02F600F523E4 /* UIKit+AFNetworking */ = {
			isa = PBXGroup;
			children = (
				32B4B5DD195D02F600F523E4 /* AFNetworkActivityIndicatorManager.h */,
				32B4B5DE195D02F600F523E4 /* AFNetworkActivityIndicatorManager.m */,
				32B4B5DF195D02F600F523E4 /* UIActivityIndicatorView+AFNetworking.h */,
				32B4B5E0195D02F600F523E4 /* UIActivityIndicatorView+AFNetworking.m */,
				32B4B5E1195D02F600F523E4 /* UIAlertView+AFNetworking.h */,
				32B4B5E2195D02F600F523E4 /* UIAlertView+AFNetworking.m */,
				32B4B5E3195D02F600F523E4 /* UIButton+AFNetworking.h */,
				32B4B5E4195D02F600F523E4 /* UIButton+AFNetworking.m */,
				32B4B5E5195D02F600F523E4 /* UIImageView+AFNetworking.h */,
				32B4B5E6195D02F600F523E4 /* UIImageView+AFNetworking.m */,
				32B4B5E7195D02F600F523E4 /* UIKit+AFNetworking.h */,
				32B4B5E8195D02F600F523E4 /* UIProgressView+AFNetworking.h */,
				32B4B5E9195D02F600F523E4 /* UIProgressView+AFNetworking.m */,
				32B4B5EA195D02F600F523E4 /* UIRefreshControl+AFNetworking.h */,
				32B4B5EB195D02F600F523E4 /* UIRefreshControl+AFNetworking.m */,
				32B4B5EC195D02F600F523E4 /* UIWebView+AFNetworking.h */,
				32B4B5ED195D02F600F523E4 /* UIWebView+AFNetworking.m */,
			);
			path = "UIKit+AFNetworking";
			sourceTree = "<group>";
		};
		32BCBCE519635C640006470C /* Post */ = {
			isa = PBXGroup;
			children = (
				32E3B511195F31AB009B6E9B /* MSHPostVC.h */,
				32E3B512195F31AB009B6E9B /* MSHPostVC.m */,
				32BCBCDF196205060006470C /* MSHPostResponseVC.h */,
				32BCBCE0196205060006470C /* MSHPostResponseVC.m */,
			);
			name = Post;
			sourceTree = "<group>";
		};
		32E3B514195F3311009B6E9B /* CustomUI */ = {
			isa = PBXGroup;
			children = (
				32BCBCE219621BF80006470C /* MSHCustomButton.h */,
				32BCBCE319621BF80006470C /* MSHCustomButton.m */,
			);
			name = CustomUI;
			sourceTree = "<group>";
		};
/* End PBXGroup section */

/* Begin PBXNativeTarget section */
		32B4B58C195D02D600F523E4 /* SimpleNW */ = {
			isa = PBXNativeTarget;
			buildConfigurationList = 32B4B5C2195D02D600F523E4 /* Build configuration list for PBXNativeTarget "SimpleNW" */;
			buildPhases = (
				32B4B589195D02D600F523E4 /* Sources */,
				32B4B58A195D02D600F523E4 /* Frameworks */,
				32B4B58B195D02D600F523E4 /* Resources */,
			);
			buildRules = (
			);
			dependencies = (
			);
			name = SimpleNW;
			productName = SimpleNW;
			productReference = 32B4B58D195D02D600F523E4 /* SimpleNW.app */;
			productType = "com.apple.product-type.application";
		};
		32B4B5B0195D02D600F523E4 /* SimpleNWTests */ = {
			isa = PBXNativeTarget;
			buildConfigurationList = 32B4B5C5195D02D600F523E4 /* Build configuration list for PBXNativeTarget "SimpleNWTests" */;
			buildPhases = (
				32B4B5AD195D02D600F523E4 /* Sources */,
				32B4B5AE195D02D600F523E4 /* Frameworks */,
				32B4B5AF195D02D600F523E4 /* Resources */,
			);
			buildRules = (
			);
			dependencies = (
				32B4B5B7195D02D600F523E4 /* PBXTargetDependency */,
			);
			name = SimpleNWTests;
			productName = SimpleNWTests;
			productReference = 32B4B5B1195D02D600F523E4 /* SimpleNWTests.xctest */;
			productType = "com.apple.product-type.bundle.unit-test";
		};
/* End PBXNativeTarget section */

/* Begin PBXProject section */
		32B4B585195D02D600F523E4 /* Project object */ = {
			isa = PBXProject;
			attributes = {
				CLASSPREFIX = MSH;
				LastUpgradeCheck = 0510;
				ORGANIZATIONNAME = WesterLime;
				TargetAttributes = {
					32B4B5B0195D02D600F523E4 = {
						TestTargetID = 32B4B58C195D02D600F523E4;
					};
				};
			};
			buildConfigurationList = 32B4B588195D02D600F523E4 /* Build configuration list for PBXProject "SimpleNW" */;
			compatibilityVersion = "Xcode 3.2";
			developmentRegion = English;
			hasScannedForEncodings = 0;
			knownRegions = (
				en,
				Base,
			);
			mainGroup = 32B4B584195D02D600F523E4;
			productRefGroup = 32B4B58E195D02D600F523E4 /* Products */;
			projectDirPath = "";
			projectRoot = "";
			targets = (
				32B4B58C195D02D600F523E4 /* SimpleNW */,
				32B4B5B0195D02D600F523E4 /* SimpleNWTests */,
			);
		};
/* End PBXProject section */

/* Begin PBXResourcesBuildPhase section */
		32B4B58B195D02D600F523E4 /* Resources */ = {
			isa = PBXResourcesBuildPhase;
			buildActionMask = 2147483647;
			files = (
				321C6D7B196FD800002FCAC6 /* blur_grey.jpeg in Resources */,
				321C6D7D196FD800002FCAC6 /* blur_green.jpg in Resources */,
				32B4B5A7195D02D600F523E4 /* Main_iPad.storyboard in Resources */,
				32B4B5AC195D02D600F523E4 /* Images.xcassets in Resources */,
				32E3B510195F1A3D009B6E9B /* Settings.bundle in Resources */,
				32B4B5A4195D02D600F523E4 /* Main_iPhone.storyboard in Resources */,
				32B4B59B195D02D600F523E4 /* InfoPlist.strings in Resources */,
			);
			runOnlyForDeploymentPostprocessing = 0;
		};
		32B4B5AF195D02D600F523E4 /* Resources */ = {
			isa = PBXResourcesBuildPhase;
			buildActionMask = 2147483647;
			files = (
				321C6D7C196FD800002FCAC6 /* blur_grey.jpeg in Resources */,
				321C6D7E196FD800002FCAC6 /* blur_green.jpg in Resources */,
				32B4B5BD195D02D600F523E4 /* InfoPlist.strings in Resources */,
			);
			runOnlyForDeploymentPostprocessing = 0;
		};
/* End PBXResourcesBuildPhase section */

/* Begin PBXSourcesBuildPhase section */
		32B4B589195D02D600F523E4 /* Sources */ = {
			isa = PBXSourcesBuildPhase;
			buildActionMask = 2147483647;
			files = (
				32AFD4B3195E6FCA00D46E30 /* MSHSettingsVC.m in Sources */,
				32B4B5EE195D02F600F523E4 /* AFHTTPRequestOperation.m in Sources */,
				32B4B5FB195D02F600F523E4 /* UIImageView+AFNetworking.m in Sources */,
				32B4B5AA195D02D600F523E4 /* MSHViewController.m in Sources */,
				321C6D811975134F002FCAC6 /* MSHiPadRootVC.m in Sources */,
				32DD037C1978FB7800E0FF74 /* MSHRecentURLTVC.m in Sources */,
				32B4B5EF195D02F600F523E4 /* AFHTTPRequestOperationManager.m in Sources */,
				32B4B5FC195D02F600F523E4 /* UIProgressView+AFNetworking.m in Sources */,
				32B4B5F1195D02F600F523E4 /* AFNetworkReachabilityManager.m in Sources */,
				32B4B5F5195D02F600F523E4 /* AFURLResponseSerialization.m in Sources */,
				32B4B5F3195D02F600F523E4 /* AFURLConnectionOperation.m in Sources */,
				32B4B5FA195D02F600F523E4 /* UIButton+AFNetworking.m in Sources */,
				32B4B5F8195D02F600F523E4 /* UIActivityIndicatorView+AFNetworking.m in Sources */,
				32B4B5F2195D02F600F523E4 /* AFSecurityPolicy.m in Sources */,
				32B4B5FD195D02F600F523E4 /* UIRefreshControl+AFNetworking.m in Sources */,
				321C6D77196F8005002FCAC6 /* MSHLeftTableVC.m in Sources */,
				32B4B5FE195D02F600F523E4 /* UIWebView+AFNetworking.m in Sources */,
				32BCBCE1196205060006470C /* MSHPostResponseVC.m in Sources */,
				32E3B51D195F46C1009B6E9B /* MSHKeyboardListener.m in Sources */,
				32B4B5F0195D02F600F523E4 /* AFHTTPSessionManager.m in Sources */,
				32B4B5F9195D02F600F523E4 /* UIAlertView+AFNetworking.m in Sources */,
				32B4B5F4195D02F600F523E4 /* AFURLRequestSerialization.m in Sources */,
				32E3B513195F31AB009B6E9B /* MSHPostVC.m in Sources */,
				32BCBCE419621BF80006470C /* MSHCustomButton.m in Sources */,
				32B4B5F7195D02F600F523E4 /* AFNetworkActivityIndicatorManager.m in Sources */,
				32B4B5F6195D02F600F523E4 /* AFURLSessionManager.m in Sources */,
				32B4B59D195D02D600F523E4 /* main.m in Sources */,
				32B4B5A1195D02D600F523E4 /* MSHAppDelegate.m in Sources */,
			);
			runOnlyForDeploymentPostprocessing = 0;
		};
		32B4B5AD195D02D600F523E4 /* Sources */ = {
			isa = PBXSourcesBuildPhase;
			buildActionMask = 2147483647;
			files = (
				32B4B5BF195D02D600F523E4 /* SimpleNWTests.m in Sources */,
				321C6D821975134F002FCAC6 /* MSHiPadRootVC.m in Sources */,
			);
			runOnlyForDeploymentPostprocessing = 0;
		};
/* End PBXSourcesBuildPhase section */

/* Begin PBXTargetDependency section */
		32B4B5B7195D02D600F523E4 /* PBXTargetDependency */ = {
			isa = PBXTargetDependency;
			target = 32B4B58C195D02D600F523E4 /* SimpleNW */;
			targetProxy = 32B4B5B6195D02D600F523E4 /* PBXContainerItemProxy */;
		};
/* End PBXTargetDependency section */

/* Begin PBXVariantGroup section */
		32B4B599195D02D600F523E4 /* InfoPlist.strings */ = {
			isa = PBXVariantGroup;
			children = (
				32B4B59A195D02D600F523E4 /* en */,
			);
			name = InfoPlist.strings;
			sourceTree = "<group>";
		};
		32B4B5A2195D02D600F523E4 /* Main_iPhone.storyboard */ = {
			isa = PBXVariantGroup;
			children = (
				32B4B5A3195D02D600F523E4 /* Base */,
			);
			name = Main_iPhone.storyboard;
			sourceTree = "<group>";
		};
		32B4B5A5195D02D600F523E4 /* Main_iPad.storyboard */ = {
			isa = PBXVariantGroup;
			children = (
				32B4B5A6195D02D600F523E4 /* Base */,
			);
			name = Main_iPad.storyboard;
			sourceTree = "<group>";
		};
		32B4B5BB195D02D600F523E4 /* InfoPlist.strings */ = {
			isa = PBXVariantGroup;
			children = (
				32B4B5BC195D02D600F523E4 /* en */,
			);
			name = InfoPlist.strings;
			sourceTree = "<group>";
		};
/* End PBXVariantGroup section */

/* Begin XCBuildConfiguration section */
		32B4B5C0195D02D600F523E4 /* Debug */ = {
			isa = XCBuildConfiguration;
			buildSettings = {
				ALWAYS_SEARCH_USER_PATHS = NO;
				CLANG_CXX_LANGUAGE_STANDARD = "gnu++0x";
				CLANG_CXX_LIBRARY = "libc++";
				CLANG_ENABLE_MODULES = YES;
				CLANG_ENABLE_OBJC_ARC = YES;
				CLANG_WARN_BOOL_CONVERSION = YES;
				CLANG_WARN_CONSTANT_CONVERSION = YES;
				CLANG_WARN_DIRECT_OBJC_ISA_USAGE = YES_ERROR;
				CLANG_WARN_EMPTY_BODY = YES;
				CLANG_WARN_ENUM_CONVERSION = YES;
				CLANG_WARN_INT_CONVERSION = YES;
				CLANG_WARN_OBJC_ROOT_CLASS = YES_ERROR;
				CLANG_WARN__DUPLICATE_METHOD_MATCH = YES;
				"CODE_SIGN_IDENTITY[sdk=iphoneos*]" = "iPhone Developer";
				COPY_PHASE_STRIP = NO;
				GCC_C_LANGUAGE_STANDARD = gnu99;
				GCC_DYNAMIC_NO_PIC = NO;
				GCC_OPTIMIZATION_LEVEL = 0;
				GCC_PREPROCESSOR_DEFINITIONS = (
					"DEBUG=1",
					"$(inherited)",
				);
				GCC_SYMBOLS_PRIVATE_EXTERN = NO;
				GCC_WARN_64_TO_32_BIT_CONVERSION = YES;
				GCC_WARN_ABOUT_RETURN_TYPE = YES_ERROR;
				GCC_WARN_UNDECLARED_SELECTOR = YES;
				GCC_WARN_UNINITIALIZED_AUTOS = YES_AGGRESSIVE;
				GCC_WARN_UNUSED_FUNCTION = YES;
				GCC_WARN_UNUSED_VARIABLE = YES;
				IPHONEOS_DEPLOYMENT_TARGET = 7.1;
				ONLY_ACTIVE_ARCH = YES;
				SDKROOT = iphoneos;
				TARGETED_DEVICE_FAMILY = "1,2";
			};
			name = Debug;
		};
		32B4B5C1195D02D600F523E4 /* Release */ = {
			isa = XCBuildConfiguration;
			buildSettings = {
				ALWAYS_SEARCH_USER_PATHS = NO;
				CLANG_CXX_LANGUAGE_STANDARD = "gnu++0x";
				CLANG_CXX_LIBRARY = "libc++";
				CLANG_ENABLE_MODULES = YES;
				CLANG_ENABLE_OBJC_ARC = YES;
				CLANG_WARN_BOOL_CONVERSION = YES;
				CLANG_WARN_CONSTANT_CONVERSION = YES;
				CLANG_WARN_DIRECT_OBJC_ISA_USAGE = YES_ERROR;
				CLANG_WARN_EMPTY_BODY = YES;
				CLANG_WARN_ENUM_CONVERSION = YES;
				CLANG_WARN_INT_CONVERSION = YES;
				CLANG_WARN_OBJC_ROOT_CLASS = YES_ERROR;
				CLANG_WARN__DUPLICATE_METHOD_MATCH = YES;
				"CODE_SIGN_IDENTITY[sdk=iphoneos*]" = "iPhone Developer";
				COPY_PHASE_STRIP = YES;
				ENABLE_NS_ASSERTIONS = NO;
				GCC_C_LANGUAGE_STANDARD = gnu99;
				GCC_WARN_64_TO_32_BIT_CONVERSION = YES;
				GCC_WARN_ABOUT_RETURN_TYPE = YES_ERROR;
				GCC_WARN_UNDECLARED_SELECTOR = YES;
				GCC_WARN_UNINITIALIZED_AUTOS = YES_AGGRESSIVE;
				GCC_WARN_UNUSED_FUNCTION = YES;
				GCC_WARN_UNUSED_VARIABLE = YES;
				IPHONEOS_DEPLOYMENT_TARGET = 7.1;
				SDKROOT = iphoneos;
				TARGETED_DEVICE_FAMILY = "1,2";
				VALIDATE_PRODUCT = YES;
			};
			name = Release;
		};
		32B4B5C3195D02D600F523E4 /* Debug */ = {
			isa = XCBuildConfiguration;
			buildSettings = {
				ASSETCATALOG_COMPILER_APPICON_NAME = AppIcon;
				ASSETCATALOG_COMPILER_LAUNCHIMAGE_NAME = LaunchImage;
				GCC_PRECOMPILE_PREFIX_HEADER = YES;
				GCC_PREFIX_HEADER = "SimpleNW/SimpleNW-Prefix.pch";
				INFOPLIST_FILE = "SimpleNW/SimpleNW-Info.plist";
				IPHONEOS_DEPLOYMENT_TARGET = 7.0;
				PRODUCT_NAME = "$(TARGET_NAME)";
				WRAPPER_EXTENSION = app;
			};
			name = Debug;
		};
		32B4B5C4195D02D600F523E4 /* Release */ = {
			isa = XCBuildConfiguration;
			buildSettings = {
				ASSETCATALOG_COMPILER_APPICON_NAME = AppIcon;
				ASSETCATALOG_COMPILER_LAUNCHIMAGE_NAME = LaunchImage;
				GCC_PRECOMPILE_PREFIX_HEADER = YES;
				GCC_PREFIX_HEADER = "SimpleNW/SimpleNW-Prefix.pch";
				INFOPLIST_FILE = "SimpleNW/SimpleNW-Info.plist";
				IPHONEOS_DEPLOYMENT_TARGET = 7.0;
				PRODUCT_NAME = "$(TARGET_NAME)";
				WRAPPER_EXTENSION = app;
			};
			name = Release;
		};
		32B4B5C6195D02D600F523E4 /* Debug */ = {
			isa = XCBuildConfiguration;
			buildSettings = {
				BUNDLE_LOADER = "$(BUILT_PRODUCTS_DIR)/SimpleNW.app/SimpleNW";
				FRAMEWORK_SEARCH_PATHS = (
					"$(SDKROOT)/Developer/Library/Frameworks",
					"$(inherited)",
					"$(DEVELOPER_FRAMEWORKS_DIR)",
				);
				GCC_PRECOMPILE_PREFIX_HEADER = YES;
				GCC_PREFIX_HEADER = "SimpleNW/SimpleNW-Prefix.pch";
				GCC_PREPROCESSOR_DEFINITIONS = (
					"DEBUG=1",
					"$(inherited)",
				);
				INFOPLIST_FILE = "SimpleNWTests/SimpleNWTests-Info.plist";
				PRODUCT_NAME = "$(TARGET_NAME)";
				TEST_HOST = "$(BUNDLE_LOADER)";
				WRAPPER_EXTENSION = xctest;
			};
			name = Debug;
		};
		32B4B5C7195D02D600F523E4 /* Release */ = {
			isa = XCBuildConfiguration;
			buildSettings = {
				BUNDLE_LOADER = "$(BUILT_PRODUCTS_DIR)/SimpleNW.app/SimpleNW";
				FRAMEWORK_SEARCH_PATHS = (
					"$(SDKROOT)/Developer/Library/Frameworks",
					"$(inherited)",
					"$(DEVELOPER_FRAMEWORKS_DIR)",
				);
				GCC_PRECOMPILE_PREFIX_HEADER = YES;
				GCC_PREFIX_HEADER = "SimpleNW/SimpleNW-Prefix.pch";
				INFOPLIST_FILE = "SimpleNWTests/SimpleNWTests-Info.plist";
				PRODUCT_NAME = "$(TARGET_NAME)";
				TEST_HOST = "$(BUNDLE_LOADER)";
				WRAPPER_EXTENSION = xctest;
			};
			name = Release;
		};
/* End XCBuildConfiguration section */

/* Begin XCConfigurationList section */
		32B4B588195D02D600F523E4 /* Build configuration list for PBXProject "SimpleNW" */ = {
			isa = XCConfigurationList;
			buildConfigurations = (
				32B4B5C0195D02D600F523E4 /* Debug */,
				32B4B5C1195D02D600F523E4 /* Release */,
			);
			defaultConfigurationIsVisible = 0;
			defaultConfigurationName = Release;
		};
		32B4B5C2195D02D600F523E4 /* Build configuration list for PBXNativeTarget "SimpleNW" */ = {
			isa = XCConfigurationList;
			buildConfigurations = (
				32B4B5C3195D02D600F523E4 /* Debug */,
				32B4B5C4195D02D600F523E4 /* Release */,
			);
			defaultConfigurationIsVisible = 0;
			defaultConfigurationName = Release;
		};
		32B4B5C5195D02D600F523E4 /* Build configuration list for PBXNativeTarget "SimpleNWTests" */ = {
			isa = XCConfigurationList;
			buildConfigurations = (
				32B4B5C6195D02D600F523E4 /* Debug */,
				32B4B5C7195D02D600F523E4 /* Release */,
			);
			defaultConfigurationIsVisible = 0;
			defaultConfigurationName = Release;
		};
/* End XCConfigurationList section */
	};
	rootObject = 32B4B585195D02D600F523E4 /* Project object */;
}
